
Microsoft Visual Studio Solution File, Format Version 12.00
# Visual Studio Version 17
VisualStudioVersion = 17.2.32519.379
MinimumVisualStudioVersion = 10.0.40219.1
Project("{2150E333-8FDC-42A3-9474-1A3956D46DE8}") = "Solution Items", "Solution Items", "{F94175FC-DE2B-4DBC-9C79-2A97B8489412}"
	ProjectSection(SolutionItems) = preProject
		.env = .env
		.env.sample = .env.sample
		.gitignore = .gitignore
		CHANGELOG.md = CHANGELOG.md
		docker-compose.yml = docker-compose.yml
		README.md = README.md
		release-please-config.json = release-please-config.json
	EndProjectSection
EndProject
Project("{9A19103F-16F7-4668-BE54-9A1E7A4F7556}") = "Supabase", "Supabase\Supabase.csproj", "{FAE80407-C121-47A3-9304-D39FA828E9F1}"
EndProject
Project("{9A19103F-16F7-4668-BE54-9A1E7A4F7556}") = "SupabaseTests", "SupabaseTests\SupabaseTests.csproj", "{28EE4F80-74AA-46F6-B15E-27C30310401A}"
EndProject
Project("{2150E333-8FDC-42A3-9474-1A3956D46DE8}") = ".github", ".github", "{43FFFE0C-91D2-43AB-913F-B3824702AE49}"
EndProject
Project("{2150E333-8FDC-42A3-9474-1A3956D46DE8}") = "workflows", "workflows", "{5B805377-7615-441C-86B1-4BE203B0289B}"
	ProjectSection(SolutionItems) = preProject
		.github\workflows\build-documentation.yaml = .github\workflows\build-documentation.yaml
		.github\workflows\release.yml = .github\workflows\release.yml
		.github\workflows\build-and-test.yml = .github\workflows\build-and-test.yml
	EndProjectSection
EndProject
Project("{2150E333-8FDC-42A3-9474-1A3956D46DE8}") = "Modules", "Modules", "{E407C761-AA9C-423C-AD1C-7EE687D3CAB9}"
EndProject
Project("{9A19103F-16F7-4668-BE54-9A1E7A4F7556}") = "SupabaseExample", "Examples\SupabaseExample\SupabaseExample.csproj", "{F73BCB1B-1EEE-41FA-B7A7-C655F391A26D}"
EndProject
Project("{2150E333-8FDC-42A3-9474-1A3956D46DE8}") = "Examples", "Examples", "{F7E6F0F9-19B4-403B-A5C8-36D43CDC6B5F}"
EndProject
Project("{FAE04EC0-301F-11D3-BF4B-00C04F79EFBC}") = "spike-nswag", "nswag-spike\spike-nswag.csproj", "{BCD2B6A6-CC2E-49CE-AEDF-0C5142C9AA4F}"
EndProject
Project("{2150E333-8FDC-42A3-9474-1A3956D46DE8}") = "codegen-spike", "codegen-spike", "{47588DCA-5ABD-A496-6AD5-79735C1CDEBD}"
EndProject
Project("{FAE04EC0-301F-11D3-BF4B-00C04F79EFBC}") = "spike-kiota", "kiota-spike\spike-kiota.csproj", "{2272ADA9-E00B-4667-B668-6AC30DE39E3E}"
EndProject
Project("{FAE04EC0-301F-11D3-BF4B-00C04F79EFBC}") = "spike-kiota.TestRun", "kiota-testrun\spike-kiota.TestRun.csproj", "{3EF11C23-DD09-470F-A389-DD4FE8150605}"
EndProject
Project("{FAE04EC0-301F-11D3-BF4B-00C04F79EFBC}") = "spike-nswag.TestRun", "nswag-testrun\spike-nswag.TestRun.csproj", "{2DE2F56D-8496-477B-8682-0309A5222D32}"
EndProject
Global
	GlobalSection(SolutionConfigurationPlatforms) = preSolution
		Debug|Any CPU = Debug|Any CPU
		Debug|x64 = Debug|x64
		Debug|x86 = Debug|x86
		Release|Any CPU = Release|Any CPU
		Release|x64 = Release|x64
		Release|x86 = Release|x86
	EndGlobalSection
	GlobalSection(ProjectConfigurationPlatforms) = postSolution
		{FAE80407-C121-47A3-9304-D39FA828E9F1}.Debug|Any CPU.ActiveCfg = Debug|Any CPU
		{FAE80407-C121-47A3-9304-D39FA828E9F1}.Debug|Any CPU.Build.0 = Debug|Any CPU
		{FAE80407-C121-47A3-9304-D39FA828E9F1}.Debug|x64.ActiveCfg = Debug|Any CPU
		{FAE80407-C121-47A3-9304-D39FA828E9F1}.Debug|x64.Build.0 = Debug|Any CPU
		{FAE80407-C121-47A3-9304-D39FA828E9F1}.Debug|x86.ActiveCfg = Debug|Any CPU
		{FAE80407-C121-47A3-9304-D39FA828E9F1}.Debug|x86.Build.0 = Debug|Any CPU
		{FAE80407-C121-47A3-9304-D39FA828E9F1}.Release|Any CPU.ActiveCfg = Release|Any CPU
		{FAE80407-C121-47A3-9304-D39FA828E9F1}.Release|Any CPU.Build.0 = Release|Any CPU
		{FAE80407-C121-47A3-9304-D39FA828E9F1}.Release|x64.ActiveCfg = Release|Any CPU
		{FAE80407-C121-47A3-9304-D39FA828E9F1}.Release|x64.Build.0 = Release|Any CPU
		{FAE80407-C121-47A3-9304-D39FA828E9F1}.Release|x86.ActiveCfg = Release|Any CPU
		{FAE80407-C121-47A3-9304-D39FA828E9F1}.Release|x86.Build.0 = Release|Any CPU
		{28EE4F80-74AA-46F6-B15E-27C30310401A}.Debug|Any CPU.ActiveCfg = Debug|Any CPU
		{28EE4F80-74AA-46F6-B15E-27C30310401A}.Debug|Any CPU.Build.0 = Debug|Any CPU
		{28EE4F80-74AA-46F6-B15E-27C30310401A}.Debug|x64.ActiveCfg = Debug|Any CPU
		{28EE4F80-74AA-46F6-B15E-27C30310401A}.Debug|x64.Build.0 = Debug|Any CPU
		{28EE4F80-74AA-46F6-B15E-27C30310401A}.Debug|x86.ActiveCfg = Debug|Any CPU
		{28EE4F80-74AA-46F6-B15E-27C30310401A}.Debug|x86.Build.0 = Debug|Any CPU
		{28EE4F80-74AA-46F6-B15E-27C30310401A}.Release|Any CPU.ActiveCfg = Release|Any CPU
		{28EE4F80-74AA-46F6-B15E-27C30310401A}.Release|Any CPU.Build.0 = Release|Any CPU
		{28EE4F80-74AA-46F6-B15E-27C30310401A}.Release|x64.ActiveCfg = Release|Any CPU
		{28EE4F80-74AA-46F6-B15E-27C30310401A}.Release|x64.Build.0 = Release|Any CPU
		{28EE4F80-74AA-46F6-B15E-27C30310401A}.Release|x86.ActiveCfg = Release|Any CPU
		{28EE4F80-74AA-46F6-B15E-27C30310401A}.Release|x86.Build.0 = Release|Any CPU
		{F73BCB1B-1EEE-41FA-B7A7-C655F391A26D}.Debug|Any CPU.ActiveCfg = Debug|Any CPU
		{F73BCB1B-1EEE-41FA-B7A7-C655F391A26D}.Debug|Any CPU.Build.0 = Debug|Any CPU
		{F73BCB1B-1EEE-41FA-B7A7-C655F391A26D}.Debug|x64.ActiveCfg = Debug|Any CPU
		{F73BCB1B-1EEE-41FA-B7A7-C655F391A26D}.Debug|x64.Build.0 = Debug|Any CPU
		{F73BCB1B-1EEE-41FA-B7A7-C655F391A26D}.Debug|x86.ActiveCfg = Debug|Any CPU
		{F73BCB1B-1EEE-41FA-B7A7-C655F391A26D}.Debug|x86.Build.0 = Debug|Any CPU
		{F73BCB1B-1EEE-41FA-B7A7-C655F391A26D}.Release|Any CPU.ActiveCfg = Release|Any CPU
		{F73BCB1B-1EEE-41FA-B7A7-C655F391A26D}.Release|Any CPU.Build.0 = Release|Any CPU
		{F73BCB1B-1EEE-41FA-B7A7-C655F391A26D}.Release|x64.ActiveCfg = Release|Any CPU
		{F73BCB1B-1EEE-41FA-B7A7-C655F391A26D}.Release|x64.Build.0 = Release|Any CPU
		{F73BCB1B-1EEE-41FA-B7A7-C655F391A26D}.Release|x86.ActiveCfg = Release|Any CPU
		{F73BCB1B-1EEE-41FA-B7A7-C655F391A26D}.Release|x86.Build.0 = Release|Any CPU
		{BCD2B6A6-CC2E-49CE-AEDF-0C5142C9AA4F}.Debug|Any CPU.ActiveCfg = Debug|Any CPU
		{BCD2B6A6-CC2E-49CE-AEDF-0C5142C9AA4F}.Debug|Any CPU.Build.0 = Debug|Any CPU
		{BCD2B6A6-CC2E-49CE-AEDF-0C5142C9AA4F}.Debug|x64.ActiveCfg = Debug|Any CPU
		{BCD2B6A6-CC2E-49CE-AEDF-0C5142C9AA4F}.Debug|x64.Build.0 = Debug|Any CPU
		{BCD2B6A6-CC2E-49CE-AEDF-0C5142C9AA4F}.Debug|x86.ActiveCfg = Debug|Any CPU
		{BCD2B6A6-CC2E-49CE-AEDF-0C5142C9AA4F}.Debug|x86.Build.0 = Debug|Any CPU
		{BCD2B6A6-CC2E-49CE-AEDF-0C5142C9AA4F}.Release|Any CPU.ActiveCfg = Release|Any CPU
		{BCD2B6A6-CC2E-49CE-AEDF-0C5142C9AA4F}.Release|Any CPU.Build.0 = Release|Any CPU
		{BCD2B6A6-CC2E-49CE-AEDF-0C5142C9AA4F}.Release|x64.ActiveCfg = Release|Any CPU
		{BCD2B6A6-CC2E-49CE-AEDF-0C5142C9AA4F}.Release|x64.Build.0 = Release|Any CPU
		{BCD2B6A6-CC2E-49CE-AEDF-0C5142C9AA4F}.Release|x86.ActiveCfg = Release|Any CPU
		{BCD2B6A6-CC2E-49CE-AEDF-0C5142C9AA4F}.Release|x86.Build.0 = Release|Any CPU
		{2272ADA9-E00B-4667-B668-6AC30DE39E3E}.Debug|Any CPU.ActiveCfg = Debug|Any CPU
		{2272ADA9-E00B-4667-B668-6AC30DE39E3E}.Debug|Any CPU.Build.0 = Debug|Any CPU
		{2272ADA9-E00B-4667-B668-6AC30DE39E3E}.Debug|x64.ActiveCfg = Debug|Any CPU
		{2272ADA9-E00B-4667-B668-6AC30DE39E3E}.Debug|x64.Build.0 = Debug|Any CPU
		{2272ADA9-E00B-4667-B668-6AC30DE39E3E}.Debug|x86.ActiveCfg = Debug|Any CPU
		{2272ADA9-E00B-4667-B668-6AC30DE39E3E}.Debug|x86.Build.0 = Debug|Any CPU
		{2272ADA9-E00B-4667-B668-6AC30DE39E3E}.Release|Any CPU.ActiveCfg = Release|Any CPU
		{2272ADA9-E00B-4667-B668-6AC30DE39E3E}.Release|Any CPU.Build.0 = Release|Any CPU
		{2272ADA9-E00B-4667-B668-6AC30DE39E3E}.Release|x64.ActiveCfg = Release|Any CPU
		{2272ADA9-E00B-4667-B668-6AC30DE39E3E}.Release|x64.Build.0 = Release|Any CPU
		{2272ADA9-E00B-4667-B668-6AC30DE39E3E}.Release|x86.ActiveCfg = Release|Any CPU
		{2272ADA9-E00B-4667-B668-6AC30DE39E3E}.Release|x86.Build.0 = Release|Any CPU
		{3EF11C23-DD09-470F-A389-DD4FE8150605}.Debug|Any CPU.ActiveCfg = Debug|Any CPU
		{3EF11C23-DD09-470F-A389-DD4FE8150605}.Debug|Any CPU.Build.0 = Debug|Any CPU
		{3EF11C23-DD09-470F-A389-DD4FE8150605}.Debug|x64.ActiveCfg = Debug|Any CPU
		{3EF11C23-DD09-470F-A389-DD4FE8150605}.Debug|x64.Build.0 = Debug|Any CPU
		{3EF11C23-DD09-470F-A389-DD4FE8150605}.Debug|x86.ActiveCfg = Debug|Any CPU
		{3EF11C23-DD09-470F-A389-DD4FE8150605}.Debug|x86.Build.0 = Debug|Any CPU
		{3EF11C23-DD09-470F-A389-DD4FE8150605}.Release|Any CPU.ActiveCfg = Release|Any CPU
		{3EF11C23-DD09-470F-A389-DD4FE8150605}.Release|Any CPU.Build.0 = Release|Any CPU
		{3EF11C23-DD09-470F-A389-DD4FE8150605}.Release|x64.ActiveCfg = Release|Any CPU
		{3EF11C23-DD09-470F-A389-DD4FE8150605}.Release|x64.Build.0 = Release|Any CPU
		{3EF11C23-DD09-470F-A389-DD4FE8150605}.Release|x86.ActiveCfg = Release|Any CPU
		{3EF11C23-DD09-470F-A389-DD4FE8150605}.Release|x86.Build.0 = Release|Any CPU
		{2DE2F56D-8496-477B-8682-0309A5222D32}.Debug|Any CPU.ActiveCfg = Debug|Any CPU
		{2DE2F56D-8496-477B-8682-0309A5222D32}.Debug|Any CPU.Build.0 = Debug|Any CPU
		{2DE2F56D-8496-477B-8682-0309A5222D32}.Debug|x64.ActiveCfg = Debug|Any CPU
		{2DE2F56D-8496-477B-8682-0309A5222D32}.Debug|x64.Build.0 = Debug|Any CPU
		{2DE2F56D-8496-477B-8682-0309A5222D32}.Debug|x86.ActiveCfg = Debug|Any CPU
		{2DE2F56D-8496-477B-8682-0309A5222D32}.Debug|x86.Build.0 = Debug|Any CPU
		{2DE2F56D-8496-477B-8682-0309A5222D32}.Release|Any CPU.ActiveCfg = Release|Any CPU
		{2DE2F56D-8496-477B-8682-0309A5222D32}.Release|Any CPU.Build.0 = Release|Any CPU
		{2DE2F56D-8496-477B-8682-0309A5222D32}.Release|x64.ActiveCfg = Release|Any CPU
		{2DE2F56D-8496-477B-8682-0309A5222D32}.Release|x64.Build.0 = Release|Any CPU
		{2DE2F56D-8496-477B-8682-0309A5222D32}.Release|x86.ActiveCfg = Release|Any CPU
		{2DE2F56D-8496-477B-8682-0309A5222D32}.Release|x86.Build.0 = Release|Any CPU
	EndGlobalSection
	GlobalSection(SolutionProperties) = preSolution
		HideSolutionNode = FALSE
	EndGlobalSection
	GlobalSection(NestedProjects) = preSolution
		{43FFFE0C-91D2-43AB-913F-B3824702AE49} = {F94175FC-DE2B-4DBC-9C79-2A97B8489412}
		{5B805377-7615-441C-86B1-4BE203B0289B} = {43FFFE0C-91D2-43AB-913F-B3824702AE49}
		{F73BCB1B-1EEE-41FA-B7A7-C655F391A26D} = {F7E6F0F9-19B4-403B-A5C8-36D43CDC6B5F}
		{BCD2B6A6-CC2E-49CE-AEDF-0C5142C9AA4F} = {47588DCA-5ABD-A496-6AD5-79735C1CDEBD}
		{2272ADA9-E00B-4667-B668-6AC30DE39E3E} = {47588DCA-5ABD-A496-6AD5-79735C1CDEBD}
		{3EF11C23-DD09-470F-A389-DD4FE8150605} = {47588DCA-5ABD-A496-6AD5-79735C1CDEBD}
		{2DE2F56D-8496-477B-8682-0309A5222D32} = {47588DCA-5ABD-A496-6AD5-79735C1CDEBD}
	EndGlobalSection
	GlobalSection(ExtensibilityGlobals) = postSolution
		SolutionGuid = {832DE89D-7252-4B03-9301-BB8D36B40992}
	EndGlobalSection
	GlobalSection(MonoDevelopProperties) = preSolution
		version = 0.3.4
	EndGlobalSection
EndGlobal
