Microsoft Visual Studio Solution File, Format Version 12.00
# Visual Studio Version 17
VisualStudioVersion = 17.2.32519.379
MinimumVisualStudioVersion = 10.0.40219.1
Project("{2150E333-8FDC-42A3-9474-1A3956D46DE8}") = "Solution Items", "Solution Items", "{F94175FC-DE2B-4DBC-9C79-2A97B8489412}"
	ProjectSection(SolutionItems) = preProject
		.env = .env
		.env.sample = .env.sample
		.gitignore = .gitignore
		CHANGELOG.md = CHANGELOG.md
		docker-compose.yml = docker-compose.yml
		README.md = README.md
	EndProjectSection
EndProject
Project("{9A19103F-16F7-4668-BE54-9A1E7A4F7556}") = "Supabase", "Supabase\Supabase.csproj", "{FAE80407-C121-47A3-9304-D39FA828E9F1}"
EndProject
Project("{9A19103F-16F7-4668-BE54-9A1E7A4F7556}") = "SupabaseTests", "SupabaseTests\SupabaseTests.csproj", "{28EE4F80-74AA-46F6-B15E-27C30310401A}"
EndProject
Project("{9A19103F-16F7-4668-BE54-9A1E7A4F7556}") = "SupabaseExample", "SupabaseExample\SupabaseExample.csproj", "{DA3EF17E-F901-428D-B9BD-94A078E389E9}"
EndProject
Project("{2150E333-8FDC-42A3-9474-1A3956D46DE8}") = ".github", ".github", "{43FFFE0C-91D2-43AB-913F-B3824702AE49}"
EndProject
Project("{2150E333-8FDC-42A3-9474-1A3956D46DE8}") = "workflows", "workflows", "{5B805377-7615-441C-86B1-4BE203B0289B}"
	ProjectSection(SolutionItems) = preProject
		.github\workflows\build-documentation.yaml = .github\workflows\build-documentation.yaml
		.github\workflows\dotnet-core.yml = .github\workflows\dotnet-core.yml
		.github\workflows\release.yml = .github\workflows\release.yml
	EndProjectSection
EndProject
Project("{2150E333-8FDC-42A3-9474-1A3956D46DE8}") = "Modules", "Modules", "{E407C761-AA9C-423C-AD1C-7EE687D3CAB9}"
EndProject
Project("{9A19103F-16F7-4668-BE54-9A1E7A4F7556}") = "Storage", "modules\storage-csharp\Storage\Storage.csproj", "{A4D9D516-0269-4EB7-8D4F-53C6F2334438}"
EndProject
Project("{9A19103F-16F7-4668-BE54-9A1E7A4F7556}") = "Functions", "modules\functions-csharp\Functions\Functions.csproj", "{4B1AC83B-4249-4F86-874C-AA0C771CC5B5}"
EndProject
Project("{9A19103F-16F7-4668-BE54-9A1E7A4F7556}") = "Postgrest", "modules\postgrest-csharp\Postgrest\Postgrest.csproj", "{41E2DDC6-A0EF-4330-A6DD-82B426CAF9D3}"
EndProject
Project("{9A19103F-16F7-4668-BE54-9A1E7A4F7556}") = "Gotrue", "modules\gotrue-csharp\Gotrue\Gotrue.csproj", "{AB06B258-3DE5-4C58-BAEA-566EEF2ED7DF}"
EndProject
Project("{9A19103F-16F7-4668-BE54-9A1E7A4F7556}") = "Realtime", "modules\realtime-csharp\Realtime\Realtime.csproj", "{4924CE6F-0142-4B91-A0A4-E5D3E8DAFEED}"
EndProject
Global
	GlobalSection(SolutionConfigurationPlatforms) = preSolution
		Debug|Any CPU = Debug|Any CPU
		Release|Any CPU = Release|Any CPU
	EndGlobalSection
	GlobalSection(ProjectConfigurationPlatforms) = postSolution
		{FAE80407-C121-47A3-9304-D39FA828E9F1}.Debug|Any CPU.ActiveCfg = Debug|Any CPU
		{FAE80407-C121-47A3-9304-D39FA828E9F1}.Debug|Any CPU.Build.0 = Debug|Any CPU
		{FAE80407-C121-47A3-9304-D39FA828E9F1}.Release|Any CPU.ActiveCfg = Release|Any CPU
		{FAE80407-C121-47A3-9304-D39FA828E9F1}.Release|Any CPU.Build.0 = Release|Any CPU
		{28EE4F80-74AA-46F6-B15E-27C30310401A}.Debug|Any CPU.ActiveCfg = Debug|Any CPU
		{28EE4F80-74AA-46F6-B15E-27C30310401A}.Debug|Any CPU.Build.0 = Debug|Any CPU
		{28EE4F80-74AA-46F6-B15E-27C30310401A}.Release|Any CPU.ActiveCfg = Release|Any CPU
		{28EE4F80-74AA-46F6-B15E-27C30310401A}.Release|Any CPU.Build.0 = Release|Any CPU
		{DA3EF17E-F901-428D-B9BD-94A078E389E9}.Debug|Any CPU.ActiveCfg = Debug|Any CPU
		{DA3EF17E-F901-428D-B9BD-94A078E389E9}.Debug|Any CPU.Build.0 = Debug|Any CPU
		{DA3EF17E-F901-428D-B9BD-94A078E389E9}.Release|Any CPU.ActiveCfg = Release|Any CPU
		{DA3EF17E-F901-428D-B9BD-94A078E389E9}.Release|Any CPU.Build.0 = Release|Any CPU
		{A4D9D516-0269-4EB7-8D4F-53C6F2334438}.Debug|Any CPU.ActiveCfg = Debug|Any CPU
		{A4D9D516-0269-4EB7-8D4F-53C6F2334438}.Debug|Any CPU.Build.0 = Debug|Any CPU
		{A4D9D516-0269-4EB7-8D4F-53C6F2334438}.Release|Any CPU.ActiveCfg = Release|Any CPU
		{A4D9D516-0269-4EB7-8D4F-53C6F2334438}.Release|Any CPU.Build.0 = Release|Any CPU
		{4B1AC83B-4249-4F86-874C-AA0C771CC5B5}.Debug|Any CPU.ActiveCfg = Debug|Any CPU
		{4B1AC83B-4249-4F86-874C-AA0C771CC5B5}.Debug|Any CPU.Build.0 = Debug|Any CPU
		{4B1AC83B-4249-4F86-874C-AA0C771CC5B5}.Release|Any CPU.ActiveCfg = Release|Any CPU
		{4B1AC83B-4249-4F86-874C-AA0C771CC5B5}.Release|Any CPU.Build.0 = Release|Any CPU
		{41E2DDC6-A0EF-4330-A6DD-82B426CAF9D3}.Debug|Any CPU.ActiveCfg = Debug|Any CPU
		{41E2DDC6-A0EF-4330-A6DD-82B426CAF9D3}.Debug|Any CPU.Build.0 = Debug|Any CPU
		{41E2DDC6-A0EF-4330-A6DD-82B426CAF9D3}.Release|Any CPU.ActiveCfg = Release|Any CPU
		{41E2DDC6-A0EF-4330-A6DD-82B426CAF9D3}.Release|Any CPU.Build.0 = Release|Any CPU
		{AB06B258-3DE5-4C58-BAEA-566EEF2ED7DF}.Debug|Any CPU.ActiveCfg = Debug|Any CPU
		{AB06B258-3DE5-4C58-BAEA-566EEF2ED7DF}.Debug|Any CPU.Build.0 = Debug|Any CPU
		{AB06B258-3DE5-4C58-BAEA-566EEF2ED7DF}.Release|Any CPU.ActiveCfg = Release|Any CPU
		{AB06B258-3DE5-4C58-BAEA-566EEF2ED7DF}.Release|Any CPU.Build.0 = Release|Any CPU
		{4924CE6F-0142-4B91-A0A4-E5D3E8DAFEED}.Debug|Any CPU.ActiveCfg = Debug|Any CPU
		{4924CE6F-0142-4B91-A0A4-E5D3E8DAFEED}.Debug|Any CPU.Build.0 = Debug|Any CPU
		{4924CE6F-0142-4B91-A0A4-E5D3E8DAFEED}.Release|Any CPU.ActiveCfg = Release|Any CPU
		{4924CE6F-0142-4B91-A0A4-E5D3E8DAFEED}.Release|Any CPU.Build.0 = Release|Any CPU
	EndGlobalSection
	GlobalSection(SolutionProperties) = preSolution
		HideSolutionNode = FALSE
	EndGlobalSection
	GlobalSection(NestedProjects) = preSolution
		{43FFFE0C-91D2-43AB-913F-B3824702AE49} = {F94175FC-DE2B-4DBC-9C79-2A97B8489412}
		{5B805377-7615-441C-86B1-4BE203B0289B} = {43FFFE0C-91D2-43AB-913F-B3824702AE49}
		{A4D9D516-0269-4EB7-8D4F-53C6F2334438} = {E407C761-AA9C-423C-AD1C-7EE687D3CAB9}
		{4B1AC83B-4249-4F86-874C-AA0C771CC5B5} = {E407C761-AA9C-423C-AD1C-7EE687D3CAB9}
		{41E2DDC6-A0EF-4330-A6DD-82B426CAF9D3} = {E407C761-AA9C-423C-AD1C-7EE687D3CAB9}
		{AB06B258-3DE5-4C58-BAEA-566EEF2ED7DF} = {E407C761-AA9C-423C-AD1C-7EE687D3CAB9}
		{4924CE6F-0142-4B91-A0A4-E5D3E8DAFEED} = {E407C761-AA9C-423C-AD1C-7EE687D3CAB9}
	EndGlobalSection
	GlobalSection(ExtensibilityGlobals) = postSolution
		SolutionGuid = {832DE89D-7252-4B03-9301-BB8D36B40992}
	EndGlobalSection
	GlobalSection(MonoDevelopProperties) = preSolution
		version = 0.3.4
	EndGlobalSection
EndGlobal
