
Microsoft Visual Studio Solution File, Format Version 12.00
# Visual Studio Version 17
VisualStudioVersion = 17.2.32519.379
MinimumVisualStudioVersion = 10.0.40219.1
Project("{2150E333-8FDC-42A3-9474-1A3956D46DE8}") = "Solution Items", "Solution Items", "{F94175FC-DE2B-4DBC-9C79-2A97B8489412}"
	ProjectSection(SolutionItems) = preProject
		.gitignore = .gitignore
		.editorconfig = .editorconfig
	EndProjectSection
EndProject
Project("{2150E333-8FDC-42A3-9474-1A3956D46DE8}") = "Workflows", "Workflows", "{25F079C3-6F7E-41D7-8C58-7C1D62B92BE0}"
	ProjectSection(SolutionItems) = preProject
		.github\workflows\build-and-test.yml = .github\workflows\build-and-test.yml
		.github\workflows\build-documentation.yaml = .github\workflows\build-documentation.yaml
		.github\workflows\release.yml = .github\workflows\release.yml
	EndProjectSection
EndProject
Project("{2150E333-8FDC-42A3-9474-1A3956D46DE8}") = "Release-Please", "Release-Please", "{21D282EA-837A-4D3F-829B-F3C2043BC73A}"
	ProjectSection(SolutionItems) = preProject
		release-please-config.json = release-please-config.json
		.release-please-manifest.json = .release-please-manifest.json
	EndProjectSection
EndProject
Project("{2150E333-8FDC-42A3-9474-1A3956D46DE8}") = "Docs", "Docs", "{AB28C3BB-F406-476D-9004-804D35EAA048}"
	ProjectSection(SolutionItems) = preProject
		README.md = README.md
		CHANGELOG.md = CHANGELOG.md
	EndProjectSection
EndProject
Project("{2150E333-8FDC-42A3-9474-1A3956D46DE8}") = "packages", "packages", "{809F86A1-1C4C-B159-0CD4-DF9D33D876CE}"
EndProject
Project("{2150E333-8FDC-42A3-9474-1A3956D46DE8}") = "Core", "Core", "{81C5FA5E-A62B-98A1-4CBC-09B5BB06FF07}"
	ProjectSection(SolutionItems) = preProject
		packages\Core\README.md = packages\Core\README.md
	EndProjectSection
EndProject
Project("{FAE04EC0-301F-11D3-BF4B-00C04F79EFBC}") = "Core", "packages\Core\Core\Core.csproj", "{52157DD7-2D5D-41C3-87A4-2894AD47528C}"
EndProject
Project("{FAE04EC0-301F-11D3-BF4B-00C04F79EFBC}") = "Core.Tests", "packages\Core\Core.Tests\Core.Tests.csproj", "{A1459477-0702-4211-956E-5D2F88BEF669}"
EndProject
Project("{2150E333-8FDC-42A3-9474-1A3956D46DE8}") = "Functions", "Functions", "{2EFAA112-2B63-A5C2-656A-8B1A98FAAF7D}"
	ProjectSection(SolutionItems) = preProject
		packages\Functions\README.md = packages\Functions\README.md
	EndProjectSection
EndProject
Project("{FAE04EC0-301F-11D3-BF4B-00C04F79EFBC}") = "Functions", "packages\Functions\Functions\Functions.csproj", "{276406FB-B383-4B00-B3B8-13634172E2BA}"
EndProject
Project("{FAE04EC0-301F-11D3-BF4B-00C04F79EFBC}") = "Functions.Tests", "packages\Functions\Functions.Tests\Functions.Tests.csproj", "{4E09814C-0367-4A0E-8B7E-0DF9B7AFB293}"
EndProject
Project("{2150E333-8FDC-42A3-9474-1A3956D46DE8}") = "Gotrue", "Gotrue", "{C3D77741-3A1A-DB3D-37EC-B7F1BAA29ACA}"
	ProjectSection(SolutionItems) = preProject
		packages\Gotrue\README.md = packages\Gotrue\README.md
	EndProjectSection
EndProject
Project("{FAE04EC0-301F-11D3-BF4B-00C04F79EFBC}") = "Gotrue", "packages\Gotrue\Gotrue\Gotrue.csproj", "{900A499A-A587-4036-B995-5E1E123241E0}"
EndProject
Project("{FAE04EC0-301F-11D3-BF4B-00C04F79EFBC}") = "Gotrue.Tests", "packages\Gotrue\Gotrue.Tests\Gotrue.Tests.csproj", "{5BF53305-E4EE-4313-9840-2CB693560A7D}"
EndProject
Project("{2150E333-8FDC-42A3-9474-1A3956D46DE8}") = "Storage", "Storage", "{5FF951CE-4342-0718-79D4-E9BFE5069FF3}"
	ProjectSection(SolutionItems) = preProject
		packages\Storage\README.md = packages\Storage\README.md
	EndProjectSection
EndProject
Project("{FAE04EC0-301F-11D3-BF4B-00C04F79EFBC}") = "Storage", "packages\Storage\Storage\Storage.csproj", "{CD9D9CBA-6916-4764-823A-416D7020F8DA}"
EndProject
Project("{FAE04EC0-301F-11D3-BF4B-00C04F79EFBC}") = "Storage.Tests", "packages\Storage\Storage.Tests\Storage.Tests.csproj", "{A5F428CE-EC28-4A71-A90E-226E91957FC1}"
EndProject
Project("{2150E333-8FDC-42A3-9474-1A3956D46DE8}") = "Postgrest", "Postgrest", "{FCC6A5E7-27F3-7918-EFD9-D76CF95AA1E5}"
	ProjectSection(SolutionItems) = preProject
		packages\Postgrest\README.md = packages\Postgrest\README.md
	EndProjectSection
EndProject
Project("{FAE04EC0-301F-11D3-BF4B-00C04F79EFBC}") = "Postgrest", "packages\Postgrest\Postgrest\Postgrest.csproj", "{C122C390-7AF0-4483-A102-32FB25132DEA}"
EndProject
Project("{FAE04EC0-301F-11D3-BF4B-00C04F79EFBC}") = "Postgrest.Tests", "packages\Postgrest\Postgrest.Tests\Postgrest.Tests.csproj", "{B76298E5-515A-41A3-8223-B6F4855AF4B3}"
EndProject
Project("{2150E333-8FDC-42A3-9474-1A3956D46DE8}") = "Realtime", "Realtime", "{2C4BE1BB-859E-2833-E6C7-FFBC145563B3}"
	ProjectSection(SolutionItems) = preProject
		packages\Realtime\README.md = packages\Realtime\README.md
	EndProjectSection
EndProject
Project("{FAE04EC0-301F-11D3-BF4B-00C04F79EFBC}") = "Realtime", "packages\Realtime\Realtime\Realtime.csproj", "{C772FADB-6AF4-4CD8-8064-AB91F2CDB5DB}"
EndProject
Project("{FAE04EC0-301F-11D3-BF4B-00C04F79EFBC}") = "Realtime.Tests", "packages\Realtime\Realtime.Tests\Realtime.Tests.csproj", "{1D80349F-1EFB-443B-9AFA-ED7CCDACC43F}"
EndProject
Project("{2150E333-8FDC-42A3-9474-1A3956D46DE8}") = "Supabase", "Supabase", "{48B3645E-6A5B-E050-DA5F-480AE4911C13}"
	ProjectSection(SolutionItems) = preProject
		packages\Supabase\README.md = packages\Supabase\README.md
	EndProjectSection
EndProject
Project("{FAE04EC0-301F-11D3-BF4B-00C04F79EFBC}") = "Supabase", "packages\Supabase\Supabase\Supabase.csproj", "{B898A942-9C1A-4C3F-8992-664B636D0ED8}"
EndProject
Project("{FAE04EC0-301F-11D3-BF4B-00C04F79EFBC}") = "Supabase.Tests", "packages\Supabase\Supabase.Tests\Supabase.Tests.csproj", "{ACE6D9C0-1F55-4A95-8250-C074D5EBA913}"
EndProject
Global
	GlobalSection(SolutionConfigurationPlatforms) = preSolution
		Debug|Any CPU = Debug|Any CPU
		Debug|x64 = Debug|x64
		Debug|x86 = Debug|x86
		Release|Any CPU = Release|Any CPU
		Release|x64 = Release|x64
		Release|x86 = Release|x86
	EndGlobalSection
	GlobalSection(ProjectConfigurationPlatforms) = postSolution
		{52157DD7-2D5D-41C3-87A4-2894AD47528C}.Debug|Any CPU.ActiveCfg = Debug|Any CPU
		{52157DD7-2D5D-41C3-87A4-2894AD47528C}.Debug|Any CPU.Build.0 = Debug|Any CPU
		{52157DD7-2D5D-41C3-87A4-2894AD47528C}.Debug|x64.ActiveCfg = Debug|Any CPU
		{52157DD7-2D5D-41C3-87A4-2894AD47528C}.Debug|x64.Build.0 = Debug|Any CPU
		{52157DD7-2D5D-41C3-87A4-2894AD47528C}.Debug|x86.ActiveCfg = Debug|Any CPU
		{52157DD7-2D5D-41C3-87A4-2894AD47528C}.Debug|x86.Build.0 = Debug|Any CPU
		{52157DD7-2D5D-41C3-87A4-2894AD47528C}.Release|Any CPU.ActiveCfg = Release|Any CPU
		{52157DD7-2D5D-41C3-87A4-2894AD47528C}.Release|Any CPU.Build.0 = Release|Any CPU
		{52157DD7-2D5D-41C3-87A4-2894AD47528C}.Release|x64.ActiveCfg = Release|Any CPU
		{52157DD7-2D5D-41C3-87A4-2894AD47528C}.Release|x64.Build.0 = Release|Any CPU
		{52157DD7-2D5D-41C3-87A4-2894AD47528C}.Release|x86.ActiveCfg = Release|Any CPU
		{52157DD7-2D5D-41C3-87A4-2894AD47528C}.Release|x86.Build.0 = Release|Any CPU
		{A1459477-0702-4211-956E-5D2F88BEF669}.Debug|Any CPU.ActiveCfg = Debug|Any CPU
		{A1459477-0702-4211-956E-5D2F88BEF669}.Debug|Any CPU.Build.0 = Debug|Any CPU
		{A1459477-0702-4211-956E-5D2F88BEF669}.Debug|x64.ActiveCfg = Debug|Any CPU
		{A1459477-0702-4211-956E-5D2F88BEF669}.Debug|x64.Build.0 = Debug|Any CPU
		{A1459477-0702-4211-956E-5D2F88BEF669}.Debug|x86.ActiveCfg = Debug|Any CPU
		{A1459477-0702-4211-956E-5D2F88BEF669}.Debug|x86.Build.0 = Debug|Any CPU
		{A1459477-0702-4211-956E-5D2F88BEF669}.Release|Any CPU.ActiveCfg = Release|Any CPU
		{A1459477-0702-4211-956E-5D2F88BEF669}.Release|Any CPU.Build.0 = Release|Any CPU
		{A1459477-0702-4211-956E-5D2F88BEF669}.Release|x64.ActiveCfg = Release|Any CPU
		{A1459477-0702-4211-956E-5D2F88BEF669}.Release|x64.Build.0 = Release|Any CPU
		{A1459477-0702-4211-956E-5D2F88BEF669}.Release|x86.ActiveCfg = Release|Any CPU
		{A1459477-0702-4211-956E-5D2F88BEF669}.Release|x86.Build.0 = Release|Any CPU
		{276406FB-B383-4B00-B3B8-13634172E2BA}.Debug|Any CPU.ActiveCfg = Debug|Any CPU
		{276406FB-B383-4B00-B3B8-13634172E2BA}.Debug|Any CPU.Build.0 = Debug|Any CPU
		{276406FB-B383-4B00-B3B8-13634172E2BA}.Debug|x64.ActiveCfg = Debug|Any CPU
		{276406FB-B383-4B00-B3B8-13634172E2BA}.Debug|x64.Build.0 = Debug|Any CPU
		{276406FB-B383-4B00-B3B8-13634172E2BA}.Debug|x86.ActiveCfg = Debug|Any CPU
		{276406FB-B383-4B00-B3B8-13634172E2BA}.Debug|x86.Build.0 = Debug|Any CPU
		{276406FB-B383-4B00-B3B8-13634172E2BA}.Release|Any CPU.ActiveCfg = Release|Any CPU
		{276406FB-B383-4B00-B3B8-13634172E2BA}.Release|Any CPU.Build.0 = Release|Any CPU
		{276406FB-B383-4B00-B3B8-13634172E2BA}.Release|x64.ActiveCfg = Release|Any CPU
		{276406FB-B383-4B00-B3B8-13634172E2BA}.Release|x64.Build.0 = Release|Any CPU
		{276406FB-B383-4B00-B3B8-13634172E2BA}.Release|x86.ActiveCfg = Release|Any CPU
		{276406FB-B383-4B00-B3B8-13634172E2BA}.Release|x86.Build.0 = Release|Any CPU
		{4E09814C-0367-4A0E-8B7E-0DF9B7AFB293}.Debug|Any CPU.ActiveCfg = Debug|Any CPU
		{4E09814C-0367-4A0E-8B7E-0DF9B7AFB293}.Debug|Any CPU.Build.0 = Debug|Any CPU
		{4E09814C-0367-4A0E-8B7E-0DF9B7AFB293}.Debug|x64.ActiveCfg = Debug|Any CPU
		{4E09814C-0367-4A0E-8B7E-0DF9B7AFB293}.Debug|x64.Build.0 = Debug|Any CPU
		{4E09814C-0367-4A0E-8B7E-0DF9B7AFB293}.Debug|x86.ActiveCfg = Debug|Any CPU
		{4E09814C-0367-4A0E-8B7E-0DF9B7AFB293}.Debug|x86.Build.0 = Debug|Any CPU
		{4E09814C-0367-4A0E-8B7E-0DF9B7AFB293}.Release|Any CPU.ActiveCfg = Release|Any CPU
		{4E09814C-0367-4A0E-8B7E-0DF9B7AFB293}.Release|Any CPU.Build.0 = Release|Any CPU
		{4E09814C-0367-4A0E-8B7E-0DF9B7AFB293}.Release|x64.ActiveCfg = Release|Any CPU
		{4E09814C-0367-4A0E-8B7E-0DF9B7AFB293}.Release|x64.Build.0 = Release|Any CPU
		{4E09814C-0367-4A0E-8B7E-0DF9B7AFB293}.Release|x86.ActiveCfg = Release|Any CPU
		{4E09814C-0367-4A0E-8B7E-0DF9B7AFB293}.Release|x86.Build.0 = Release|Any CPU
		{900A499A-A587-4036-B995-5E1E123241E0}.Debug|Any CPU.ActiveCfg = Debug|Any CPU
		{900A499A-A587-4036-B995-5E1E123241E0}.Debug|Any CPU.Build.0 = Debug|Any CPU
		{900A499A-A587-4036-B995-5E1E123241E0}.Debug|x64.ActiveCfg = Debug|Any CPU
		{900A499A-A587-4036-B995-5E1E123241E0}.Debug|x64.Build.0 = Debug|Any CPU
		{900A499A-A587-4036-B995-5E1E123241E0}.Debug|x86.ActiveCfg = Debug|Any CPU
		{900A499A-A587-4036-B995-5E1E123241E0}.Debug|x86.Build.0 = Debug|Any CPU
		{900A499A-A587-4036-B995-5E1E123241E0}.Release|Any CPU.ActiveCfg = Release|Any CPU
		{900A499A-A587-4036-B995-5E1E123241E0}.Release|Any CPU.Build.0 = Release|Any CPU
		{900A499A-A587-4036-B995-5E1E123241E0}.Release|x64.ActiveCfg = Release|Any CPU
		{900A499A-A587-4036-B995-5E1E123241E0}.Release|x64.Build.0 = Release|Any CPU
		{900A499A-A587-4036-B995-5E1E123241E0}.Release|x86.ActiveCfg = Release|Any CPU
		{900A499A-A587-4036-B995-5E1E123241E0}.Release|x86.Build.0 = Release|Any CPU
		{5BF53305-E4EE-4313-9840-2CB693560A7D}.Debug|Any CPU.ActiveCfg = Debug|Any CPU
		{5BF53305-E4EE-4313-9840-2CB693560A7D}.Debug|Any CPU.Build.0 = Debug|Any CPU
		{5BF53305-E4EE-4313-9840-2CB693560A7D}.Debug|x64.ActiveCfg = Debug|Any CPU
		{5BF53305-E4EE-4313-9840-2CB693560A7D}.Debug|x64.Build.0 = Debug|Any CPU
		{5BF53305-E4EE-4313-9840-2CB693560A7D}.Debug|x86.ActiveCfg = Debug|Any CPU
		{5BF53305-E4EE-4313-9840-2CB693560A7D}.Debug|x86.Build.0 = Debug|Any CPU
		{5BF53305-E4EE-4313-9840-2CB693560A7D}.Release|Any CPU.ActiveCfg = Release|Any CPU
		{5BF53305-E4EE-4313-9840-2CB693560A7D}.Release|Any CPU.Build.0 = Release|Any CPU
		{5BF53305-E4EE-4313-9840-2CB693560A7D}.Release|x64.ActiveCfg = Release|Any CPU
		{5BF53305-E4EE-4313-9840-2CB693560A7D}.Release|x64.Build.0 = Release|Any CPU
		{5BF53305-E4EE-4313-9840-2CB693560A7D}.Release|x86.ActiveCfg = Release|Any CPU
		{5BF53305-E4EE-4313-9840-2CB693560A7D}.Release|x86.Build.0 = Release|Any CPU
		{CD9D9CBA-6916-4764-823A-416D7020F8DA}.Debug|Any CPU.ActiveCfg = Debug|Any CPU
		{CD9D9CBA-6916-4764-823A-416D7020F8DA}.Debug|Any CPU.Build.0 = Debug|Any CPU
		{CD9D9CBA-6916-4764-823A-416D7020F8DA}.Debug|x64.ActiveCfg = Debug|Any CPU
		{CD9D9CBA-6916-4764-823A-416D7020F8DA}.Debug|x64.Build.0 = Debug|Any CPU
		{CD9D9CBA-6916-4764-823A-416D7020F8DA}.Debug|x86.ActiveCfg = Debug|Any CPU
		{CD9D9CBA-6916-4764-823A-416D7020F8DA}.Debug|x86.Build.0 = Debug|Any CPU
		{CD9D9CBA-6916-4764-823A-416D7020F8DA}.Release|Any CPU.ActiveCfg = Release|Any CPU
		{CD9D9CBA-6916-4764-823A-416D7020F8DA}.Release|Any CPU.Build.0 = Release|Any CPU
		{CD9D9CBA-6916-4764-823A-416D7020F8DA}.Release|x64.ActiveCfg = Release|Any CPU
		{CD9D9CBA-6916-4764-823A-416D7020F8DA}.Release|x64.Build.0 = Release|Any CPU
		{CD9D9CBA-6916-4764-823A-416D7020F8DA}.Release|x86.ActiveCfg = Release|Any CPU
		{CD9D9CBA-6916-4764-823A-416D7020F8DA}.Release|x86.Build.0 = Release|Any CPU
		{A5F428CE-EC28-4A71-A90E-226E91957FC1}.Debug|Any CPU.ActiveCfg = Debug|Any CPU
		{A5F428CE-EC28-4A71-A90E-226E91957FC1}.Debug|Any CPU.Build.0 = Debug|Any CPU
		{A5F428CE-EC28-4A71-A90E-226E91957FC1}.Debug|x64.ActiveCfg = Debug|Any CPU
		{A5F428CE-EC28-4A71-A90E-226E91957FC1}.Debug|x64.Build.0 = Debug|Any CPU
		{A5F428CE-EC28-4A71-A90E-226E91957FC1}.Debug|x86.ActiveCfg = Debug|Any CPU
		{A5F428CE-EC28-4A71-A90E-226E91957FC1}.Debug|x86.Build.0 = Debug|Any CPU
		{A5F428CE-EC28-4A71-A90E-226E91957FC1}.Release|Any CPU.ActiveCfg = Release|Any CPU
		{A5F428CE-EC28-4A71-A90E-226E91957FC1}.Release|Any CPU.Build.0 = Release|Any CPU
		{A5F428CE-EC28-4A71-A90E-226E91957FC1}.Release|x64.ActiveCfg = Release|Any CPU
		{A5F428CE-EC28-4A71-A90E-226E91957FC1}.Release|x64.Build.0 = Release|Any CPU
		{A5F428CE-EC28-4A71-A90E-226E91957FC1}.Release|x86.ActiveCfg = Release|Any CPU
		{A5F428CE-EC28-4A71-A90E-226E91957FC1}.Release|x86.Build.0 = Release|Any CPU
		{C122C390-7AF0-4483-A102-32FB25132DEA}.Debug|Any CPU.ActiveCfg = Debug|Any CPU
		{C122C390-7AF0-4483-A102-32FB25132DEA}.Debug|Any CPU.Build.0 = Debug|Any CPU
		{C122C390-7AF0-4483-A102-32FB25132DEA}.Debug|x64.ActiveCfg = Debug|Any CPU
		{C122C390-7AF0-4483-A102-32FB25132DEA}.Debug|x64.Build.0 = Debug|Any CPU
		{C122C390-7AF0-4483-A102-32FB25132DEA}.Debug|x86.ActiveCfg = Debug|Any CPU
		{C122C390-7AF0-4483-A102-32FB25132DEA}.Debug|x86.Build.0 = Debug|Any CPU
		{C122C390-7AF0-4483-A102-32FB25132DEA}.Release|Any CPU.ActiveCfg = Release|Any CPU
		{C122C390-7AF0-4483-A102-32FB25132DEA}.Release|Any CPU.Build.0 = Release|Any CPU
		{C122C390-7AF0-4483-A102-32FB25132DEA}.Release|x64.ActiveCfg = Release|Any CPU
		{C122C390-7AF0-4483-A102-32FB25132DEA}.Release|x64.Build.0 = Release|Any CPU
		{C122C390-7AF0-4483-A102-32FB25132DEA}.Release|x86.ActiveCfg = Release|Any CPU
		{C122C390-7AF0-4483-A102-32FB25132DEA}.Release|x86.Build.0 = Release|Any CPU
		{B76298E5-515A-41A3-8223-B6F4855AF4B3}.Debug|Any CPU.ActiveCfg = Debug|Any CPU
		{B76298E5-515A-41A3-8223-B6F4855AF4B3}.Debug|Any CPU.Build.0 = Debug|Any CPU
		{B76298E5-515A-41A3-8223-B6F4855AF4B3}.Debug|x64.ActiveCfg = Debug|Any CPU
		{B76298E5-515A-41A3-8223-B6F4855AF4B3}.Debug|x64.Build.0 = Debug|Any CPU
		{B76298E5-515A-41A3-8223-B6F4855AF4B3}.Debug|x86.ActiveCfg = Debug|Any CPU
		{B76298E5-515A-41A3-8223-B6F4855AF4B3}.Debug|x86.Build.0 = Debug|Any CPU
		{B76298E5-515A-41A3-8223-B6F4855AF4B3}.Release|Any CPU.ActiveCfg = Release|Any CPU
		{B76298E5-515A-41A3-8223-B6F4855AF4B3}.Release|Any CPU.Build.0 = Release|Any CPU
		{B76298E5-515A-41A3-8223-B6F4855AF4B3}.Release|x64.ActiveCfg = Release|Any CPU
		{B76298E5-515A-41A3-8223-B6F4855AF4B3}.Release|x64.Build.0 = Release|Any CPU
		{B76298E5-515A-41A3-8223-B6F4855AF4B3}.Release|x86.ActiveCfg = Release|Any CPU
		{B76298E5-515A-41A3-8223-B6F4855AF4B3}.Release|x86.Build.0 = Release|Any CPU
		{C772FADB-6AF4-4CD8-8064-AB91F2CDB5DB}.Debug|Any CPU.ActiveCfg = Debug|Any CPU
		{C772FADB-6AF4-4CD8-8064-AB91F2CDB5DB}.Debug|Any CPU.Build.0 = Debug|Any CPU
		{C772FADB-6AF4-4CD8-8064-AB91F2CDB5DB}.Debug|x64.ActiveCfg = Debug|Any CPU
		{C772FADB-6AF4-4CD8-8064-AB91F2CDB5DB}.Debug|x64.Build.0 = Debug|Any CPU
		{C772FADB-6AF4-4CD8-8064-AB91F2CDB5DB}.Debug|x86.ActiveCfg = Debug|Any CPU
		{C772FADB-6AF4-4CD8-8064-AB91F2CDB5DB}.Debug|x86.Build.0 = Debug|Any CPU
		{C772FADB-6AF4-4CD8-8064-AB91F2CDB5DB}.Release|Any CPU.ActiveCfg = Release|Any CPU
		{C772FADB-6AF4-4CD8-8064-AB91F2CDB5DB}.Release|Any CPU.Build.0 = Release|Any CPU
		{C772FADB-6AF4-4CD8-8064-AB91F2CDB5DB}.Release|x64.ActiveCfg = Release|Any CPU
		{C772FADB-6AF4-4CD8-8064-AB91F2CDB5DB}.Release|x64.Build.0 = Release|Any CPU
		{C772FADB-6AF4-4CD8-8064-AB91F2CDB5DB}.Release|x86.ActiveCfg = Release|Any CPU
		{C772FADB-6AF4-4CD8-8064-AB91F2CDB5DB}.Release|x86.Build.0 = Release|Any CPU
		{1D80349F-1EFB-443B-9AFA-ED7CCDACC43F}.Debug|Any CPU.ActiveCfg = Debug|Any CPU
		{1D80349F-1EFB-443B-9AFA-ED7CCDACC43F}.Debug|Any CPU.Build.0 = Debug|Any CPU
		{1D80349F-1EFB-443B-9AFA-ED7CCDACC43F}.Debug|x64.ActiveCfg = Debug|Any CPU
		{1D80349F-1EFB-443B-9AFA-ED7CCDACC43F}.Debug|x64.Build.0 = Debug|Any CPU
		{1D80349F-1EFB-443B-9AFA-ED7CCDACC43F}.Debug|x86.ActiveCfg = Debug|Any CPU
		{1D80349F-1EFB-443B-9AFA-ED7CCDACC43F}.Debug|x86.Build.0 = Debug|Any CPU
		{1D80349F-1EFB-443B-9AFA-ED7CCDACC43F}.Release|Any CPU.ActiveCfg = Release|Any CPU
		{1D80349F-1EFB-443B-9AFA-ED7CCDACC43F}.Release|Any CPU.Build.0 = Release|Any CPU
		{1D80349F-1EFB-443B-9AFA-ED7CCDACC43F}.Release|x64.ActiveCfg = Release|Any CPU
		{1D80349F-1EFB-443B-9AFA-ED7CCDACC43F}.Release|x64.Build.0 = Release|Any CPU
		{1D80349F-1EFB-443B-9AFA-ED7CCDACC43F}.Release|x86.ActiveCfg = Release|Any CPU
		{1D80349F-1EFB-443B-9AFA-ED7CCDACC43F}.Release|x86.Build.0 = Release|Any CPU
		{B898A942-9C1A-4C3F-8992-664B636D0ED8}.Debug|Any CPU.ActiveCfg = Debug|Any CPU
		{B898A942-9C1A-4C3F-8992-664B636D0ED8}.Debug|Any CPU.Build.0 = Debug|Any CPU
		{B898A942-9C1A-4C3F-8992-664B636D0ED8}.Debug|x64.ActiveCfg = Debug|Any CPU
		{B898A942-9C1A-4C3F-8992-664B636D0ED8}.Debug|x64.Build.0 = Debug|Any CPU
		{B898A942-9C1A-4C3F-8992-664B636D0ED8}.Debug|x86.ActiveCfg = Debug|Any CPU
		{B898A942-9C1A-4C3F-8992-664B636D0ED8}.Debug|x86.Build.0 = Debug|Any CPU
		{B898A942-9C1A-4C3F-8992-664B636D0ED8}.Release|Any CPU.ActiveCfg = Release|Any CPU
		{B898A942-9C1A-4C3F-8992-664B636D0ED8}.Release|Any CPU.Build.0 = Release|Any CPU
		{B898A942-9C1A-4C3F-8992-664B636D0ED8}.Release|x64.ActiveCfg = Release|Any CPU
		{B898A942-9C1A-4C3F-8992-664B636D0ED8}.Release|x64.Build.0 = Release|Any CPU
		{B898A942-9C1A-4C3F-8992-664B636D0ED8}.Release|x86.ActiveCfg = Release|Any CPU
		{B898A942-9C1A-4C3F-8992-664B636D0ED8}.Release|x86.Build.0 = Release|Any CPU
		{ACE6D9C0-1F55-4A95-8250-C074D5EBA913}.Debug|Any CPU.ActiveCfg = Debug|Any CPU
		{ACE6D9C0-1F55-4A95-8250-C074D5EBA913}.Debug|Any CPU.Build.0 = Debug|Any CPU
		{ACE6D9C0-1F55-4A95-8250-C074D5EBA913}.Debug|x64.ActiveCfg = Debug|Any CPU
		{ACE6D9C0-1F55-4A95-8250-C074D5EBA913}.Debug|x64.Build.0 = Debug|Any CPU
		{ACE6D9C0-1F55-4A95-8250-C074D5EBA913}.Debug|x86.ActiveCfg = Debug|Any CPU
		{ACE6D9C0-1F55-4A95-8250-C074D5EBA913}.Debug|x86.Build.0 = Debug|Any CPU
		{ACE6D9C0-1F55-4A95-8250-C074D5EBA913}.Release|Any CPU.ActiveCfg = Release|Any CPU
		{ACE6D9C0-1F55-4A95-8250-C074D5EBA913}.Release|Any CPU.Build.0 = Release|Any CPU
		{ACE6D9C0-1F55-4A95-8250-C074D5EBA913}.Release|x64.ActiveCfg = Release|Any CPU
		{ACE6D9C0-1F55-4A95-8250-C074D5EBA913}.Release|x64.Build.0 = Release|Any CPU
		{ACE6D9C0-1F55-4A95-8250-C074D5EBA913}.Release|x86.ActiveCfg = Release|Any CPU
		{ACE6D9C0-1F55-4A95-8250-C074D5EBA913}.Release|x86.Build.0 = Release|Any CPU
	EndGlobalSection
	GlobalSection(SolutionProperties) = preSolution
		HideSolutionNode = FALSE
	EndGlobalSection
	GlobalSection(NestedProjects) = preSolution
		{81C5FA5E-A62B-98A1-4CBC-09B5BB06FF07} = {809F86A1-1C4C-B159-0CD4-DF9D33D876CE}
		{52157DD7-2D5D-41C3-87A4-2894AD47528C} = {81C5FA5E-A62B-98A1-4CBC-09B5BB06FF07}
		{A1459477-0702-4211-956E-5D2F88BEF669} = {81C5FA5E-A62B-98A1-4CBC-09B5BB06FF07}
		{2EFAA112-2B63-A5C2-656A-8B1A98FAAF7D} = {809F86A1-1C4C-B159-0CD4-DF9D33D876CE}
		{276406FB-B383-4B00-B3B8-13634172E2BA} = {2EFAA112-2B63-A5C2-656A-8B1A98FAAF7D}
		{4E09814C-0367-4A0E-8B7E-0DF9B7AFB293} = {2EFAA112-2B63-A5C2-656A-8B1A98FAAF7D}
		{C3D77741-3A1A-DB3D-37EC-B7F1BAA29ACA} = {809F86A1-1C4C-B159-0CD4-DF9D33D876CE}
		{900A499A-A587-4036-B995-5E1E123241E0} = {C3D77741-3A1A-DB3D-37EC-B7F1BAA29ACA}
		{5BF53305-E4EE-4313-9840-2CB693560A7D} = {C3D77741-3A1A-DB3D-37EC-B7F1BAA29ACA}
		{5FF951CE-4342-0718-79D4-E9BFE5069FF3} = {809F86A1-1C4C-B159-0CD4-DF9D33D876CE}
		{CD9D9CBA-6916-4764-823A-416D7020F8DA} = {5FF951CE-4342-0718-79D4-E9BFE5069FF3}
		{A5F428CE-EC28-4A71-A90E-226E91957FC1} = {5FF951CE-4342-0718-79D4-E9BFE5069FF3}
		{FCC6A5E7-27F3-7918-EFD9-D76CF95AA1E5} = {809F86A1-1C4C-B159-0CD4-DF9D33D876CE}
		{C122C390-7AF0-4483-A102-32FB25132DEA} = {FCC6A5E7-27F3-7918-EFD9-D76CF95AA1E5}
		{B76298E5-515A-41A3-8223-B6F4855AF4B3} = {FCC6A5E7-27F3-7918-EFD9-D76CF95AA1E5}
		{2C4BE1BB-859E-2833-E6C7-FFBC145563B3} = {809F86A1-1C4C-B159-0CD4-DF9D33D876CE}
		{C772FADB-6AF4-4CD8-8064-AB91F2CDB5DB} = {2C4BE1BB-859E-2833-E6C7-FFBC145563B3}
		{1D80349F-1EFB-443B-9AFA-ED7CCDACC43F} = {2C4BE1BB-859E-2833-E6C7-FFBC145563B3}
		{48B3645E-6A5B-E050-DA5F-480AE4911C13} = {809F86A1-1C4C-B159-0CD4-DF9D33D876CE}
		{B898A942-9C1A-4C3F-8992-664B636D0ED8} = {48B3645E-6A5B-E050-DA5F-480AE4911C13}
		{ACE6D9C0-1F55-4A95-8250-C074D5EBA913} = {48B3645E-6A5B-E050-DA5F-480AE4911C13}
	EndGlobalSection
	GlobalSection(ExtensibilityGlobals) = postSolution
		SolutionGuid = {832DE89D-7252-4B03-9301-BB8D36B40992}
	EndGlobalSection
	GlobalSection(MonoDevelopProperties) = preSolution
		version = 0.3.4
	EndGlobalSection
EndGlobal
