
Microsoft Visual Studio Solution File, Format Version 12.00
# Visual Studio 15
Project("{FAE04EC0-301F-11D3-BF4B-00C04F79EFBC}") = "Supabase", "Supabase\Supabase.csproj", "{6190F0FF-F951-4FAE-858D-89A7D817EB88}"
EndProject
Project("{FAE04EC0-301F-11D3-BF4B-00C04F79EFBC}") = "SupabaseTests", "SupabaseTests\SupabaseTests.csproj", "{C5AA68B0-1F4C-4101-8B87-CFDAD1FA25AF}"
EndProject
Project("{2150E333-8FDC-42A3-9474-1A3956D46DE8}") = "Solution Items", "Solution Items", "{F94175FC-DE2B-4DBC-9C79-2A97B8489412}"
	ProjectSection(SolutionItems) = preProject
		README.md = README.md
	EndProjectSection
EndProject
Project("{FAE04EC0-301F-11D3-BF4B-00C04F79EFBC}") = "SupabaseExampleXA.Android", "Examples\SupabaseExampleXA.Android\SupabaseExampleXA.Android.csproj", "{4C26C775-92CC-4EE4-A57B-51093C5DF5BF}"
EndProject
Project("{FAE04EC0-301F-11D3-BF4B-00C04F79EFBC}") = "SupabaseExampleXA.iOS", "Examples\SupabaseExampleXA.iOS\SupabaseExampleXA.iOS.csproj", "{A99C9838-F680-4388-838F-60DC72CDD257}"
EndProject
Project("{FAE04EC0-301F-11D3-BF4B-00C04F79EFBC}") = "SupabaseExampleXA", "Examples\SupabaseExampleXA\SupabaseExampleXA.csproj", "{E767C2EE-DF3E-436E-A010-AC75E05FF9AF}"
EndProject
Project("{2150E333-8FDC-42A3-9474-1A3956D46DE8}") = "Examples", "Examples", "{10663351-909C-4184-BA87-6DB4EA78BF6C}"
EndProject
Project("{2150E333-8FDC-42A3-9474-1A3956D46DE8}") = "Xamarin.Forms", "Xamarin.Forms", "{00D73611-9F2D-4422-947F-8EE17A3B9961}"
EndProject
Global
	GlobalSection(SolutionConfigurationPlatforms) = preSolution
		Debug|Any CPU = Debug|Any CPU
		Release|Any CPU = Release|Any CPU
		Debug|iPhoneSimulator = Debug|iPhoneSimulator
		Release|iPhoneSimulator = Release|iPhoneSimulator
		Debug|iPhone = Debug|iPhone
		Release|iPhone = Release|iPhone
	EndGlobalSection
	GlobalSection(ProjectConfigurationPlatforms) = postSolution
		{6190F0FF-F951-4FAE-858D-89A7D817EB88}.Debug|Any CPU.ActiveCfg = Debug|Any CPU
		{6190F0FF-F951-4FAE-858D-89A7D817EB88}.Debug|Any CPU.Build.0 = Debug|Any CPU
		{6190F0FF-F951-4FAE-858D-89A7D817EB88}.Release|Any CPU.ActiveCfg = Release|Any CPU
		{6190F0FF-F951-4FAE-858D-89A7D817EB88}.Release|Any CPU.Build.0 = Release|Any CPU
		{6190F0FF-F951-4FAE-858D-89A7D817EB88}.Debug|iPhoneSimulator.ActiveCfg = Debug|Any CPU
		{6190F0FF-F951-4FAE-858D-89A7D817EB88}.Debug|iPhoneSimulator.Build.0 = Debug|Any CPU
		{6190F0FF-F951-4FAE-858D-89A7D817EB88}.Release|iPhoneSimulator.ActiveCfg = Release|Any CPU
		{6190F0FF-F951-4FAE-858D-89A7D817EB88}.Release|iPhoneSimulator.Build.0 = Release|Any CPU
		{6190F0FF-F951-4FAE-858D-89A7D817EB88}.Debug|iPhone.ActiveCfg = Debug|Any CPU
		{6190F0FF-F951-4FAE-858D-89A7D817EB88}.Debug|iPhone.Build.0 = Debug|Any CPU
		{6190F0FF-F951-4FAE-858D-89A7D817EB88}.Release|iPhone.ActiveCfg = Release|Any CPU
		{6190F0FF-F951-4FAE-858D-89A7D817EB88}.Release|iPhone.Build.0 = Release|Any CPU
		{C5AA68B0-1F4C-4101-8B87-CFDAD1FA25AF}.Debug|Any CPU.ActiveCfg = Debug|Any CPU
		{C5AA68B0-1F4C-4101-8B87-CFDAD1FA25AF}.Debug|Any CPU.Build.0 = Debug|Any CPU
		{C5AA68B0-1F4C-4101-8B87-CFDAD1FA25AF}.Release|Any CPU.ActiveCfg = Release|Any CPU
		{C5AA68B0-1F4C-4101-8B87-CFDAD1FA25AF}.Release|Any CPU.Build.0 = Release|Any CPU
		{C5AA68B0-1F4C-4101-8B87-CFDAD1FA25AF}.Debug|iPhoneSimulator.ActiveCfg = Debug|Any CPU
		{C5AA68B0-1F4C-4101-8B87-CFDAD1FA25AF}.Debug|iPhoneSimulator.Build.0 = Debug|Any CPU
		{C5AA68B0-1F4C-4101-8B87-CFDAD1FA25AF}.Release|iPhoneSimulator.ActiveCfg = Release|Any CPU
		{C5AA68B0-1F4C-4101-8B87-CFDAD1FA25AF}.Release|iPhoneSimulator.Build.0 = Release|Any CPU
		{C5AA68B0-1F4C-4101-8B87-CFDAD1FA25AF}.Debug|iPhone.ActiveCfg = Debug|Any CPU
		{C5AA68B0-1F4C-4101-8B87-CFDAD1FA25AF}.Debug|iPhone.Build.0 = Debug|Any CPU
		{C5AA68B0-1F4C-4101-8B87-CFDAD1FA25AF}.Release|iPhone.ActiveCfg = Release|Any CPU
		{C5AA68B0-1F4C-4101-8B87-CFDAD1FA25AF}.Release|iPhone.Build.0 = Release|Any CPU
		{4C26C775-92CC-4EE4-A57B-51093C5DF5BF}.Debug|Any CPU.ActiveCfg = Debug|Any CPU
		{4C26C775-92CC-4EE4-A57B-51093C5DF5BF}.Debug|Any CPU.Build.0 = Debug|Any CPU
		{4C26C775-92CC-4EE4-A57B-51093C5DF5BF}.Release|Any CPU.ActiveCfg = Release|Any CPU
		{4C26C775-92CC-4EE4-A57B-51093C5DF5BF}.Release|Any CPU.Build.0 = Release|Any CPU
		{4C26C775-92CC-4EE4-A57B-51093C5DF5BF}.Debug|iPhoneSimulator.ActiveCfg = Debug|Any CPU
		{4C26C775-92CC-4EE4-A57B-51093C5DF5BF}.Debug|iPhoneSimulator.Build.0 = Debug|Any CPU
		{4C26C775-92CC-4EE4-A57B-51093C5DF5BF}.Release|iPhoneSimulator.ActiveCfg = Release|Any CPU
		{4C26C775-92CC-4EE4-A57B-51093C5DF5BF}.Release|iPhoneSimulator.Build.0 = Release|Any CPU
		{4C26C775-92CC-4EE4-A57B-51093C5DF5BF}.Debug|iPhone.ActiveCfg = Debug|Any CPU
		{4C26C775-92CC-4EE4-A57B-51093C5DF5BF}.Debug|iPhone.Build.0 = Debug|Any CPU
		{4C26C775-92CC-4EE4-A57B-51093C5DF5BF}.Release|iPhone.ActiveCfg = Release|Any CPU
		{4C26C775-92CC-4EE4-A57B-51093C5DF5BF}.Release|iPhone.Build.0 = Release|Any CPU
		{A99C9838-F680-4388-838F-60DC72CDD257}.Debug|Any CPU.ActiveCfg = Debug|iPhoneSimulator
		{A99C9838-F680-4388-838F-60DC72CDD257}.Debug|Any CPU.Build.0 = Debug|iPhoneSimulator
		{A99C9838-F680-4388-838F-60DC72CDD257}.Release|Any CPU.ActiveCfg = Release|iPhoneSimulator
		{A99C9838-F680-4388-838F-60DC72CDD257}.Release|Any CPU.Build.0 = Release|iPhoneSimulator
		{A99C9838-F680-4388-838F-60DC72CDD257}.Debug|iPhoneSimulator.ActiveCfg = Debug|iPhoneSimulator
		{A99C9838-F680-4388-838F-60DC72CDD257}.Debug|iPhoneSimulator.Build.0 = Debug|iPhoneSimulator
		{A99C9838-F680-4388-838F-60DC72CDD257}.Release|iPhoneSimulator.ActiveCfg = Release|iPhoneSimulator
		{A99C9838-F680-4388-838F-60DC72CDD257}.Release|iPhoneSimulator.Build.0 = Release|iPhoneSimulator
		{A99C9838-F680-4388-838F-60DC72CDD257}.Debug|iPhone.ActiveCfg = Debug|iPhone
		{A99C9838-F680-4388-838F-60DC72CDD257}.Debug|iPhone.Build.0 = Debug|iPhone
		{A99C9838-F680-4388-838F-60DC72CDD257}.Release|iPhone.ActiveCfg = Release|iPhone
		{A99C9838-F680-4388-838F-60DC72CDD257}.Release|iPhone.Build.0 = Release|iPhone
		{E767C2EE-DF3E-436E-A010-AC75E05FF9AF}.Debug|Any CPU.ActiveCfg = Debug|Any CPU
		{E767C2EE-DF3E-436E-A010-AC75E05FF9AF}.Debug|Any CPU.Build.0 = Debug|Any CPU
		{E767C2EE-DF3E-436E-A010-AC75E05FF9AF}.Release|Any CPU.ActiveCfg = Release|Any CPU
		{E767C2EE-DF3E-436E-A010-AC75E05FF9AF}.Release|Any CPU.Build.0 = Release|Any CPU
		{E767C2EE-DF3E-436E-A010-AC75E05FF9AF}.Debug|iPhoneSimulator.ActiveCfg = Debug|Any CPU
		{E767C2EE-DF3E-436E-A010-AC75E05FF9AF}.Debug|iPhoneSimulator.Build.0 = Debug|Any CPU
		{E767C2EE-DF3E-436E-A010-AC75E05FF9AF}.Release|iPhoneSimulator.ActiveCfg = Release|Any CPU
		{E767C2EE-DF3E-436E-A010-AC75E05FF9AF}.Release|iPhoneSimulator.Build.0 = Release|Any CPU
		{E767C2EE-DF3E-436E-A010-AC75E05FF9AF}.Debug|iPhone.ActiveCfg = Debug|Any CPU
		{E767C2EE-DF3E-436E-A010-AC75E05FF9AF}.Debug|iPhone.Build.0 = Debug|Any CPU
		{E767C2EE-DF3E-436E-A010-AC75E05FF9AF}.Release|iPhone.ActiveCfg = Release|Any CPU
		{E767C2EE-DF3E-436E-A010-AC75E05FF9AF}.Release|iPhone.Build.0 = Release|Any CPU
		{A9B2453A-F138-4AB1-83CD-CA602E22E588}.Debug|Any CPU.ActiveCfg = Debug|Any CPU
		{A9B2453A-F138-4AB1-83CD-CA602E22E588}.Debug|Any CPU.Build.0 = Debug|Any CPU
		{A9B2453A-F138-4AB1-83CD-CA602E22E588}.Release|Any CPU.ActiveCfg = Release|Any CPU
		{A9B2453A-F138-4AB1-83CD-CA602E22E588}.Release|Any CPU.Build.0 = Release|Any CPU
		{A9B2453A-F138-4AB1-83CD-CA602E22E588}.Debug|iPhoneSimulator.ActiveCfg = Debug|Any CPU
		{A9B2453A-F138-4AB1-83CD-CA602E22E588}.Debug|iPhoneSimulator.Build.0 = Debug|Any CPU
		{A9B2453A-F138-4AB1-83CD-CA602E22E588}.Release|iPhoneSimulator.ActiveCfg = Release|Any CPU
		{A9B2453A-F138-4AB1-83CD-CA602E22E588}.Release|iPhoneSimulator.Build.0 = Release|Any CPU
		{A9B2453A-F138-4AB1-83CD-CA602E22E588}.Debug|iPhone.ActiveCfg = Debug|Any CPU
		{A9B2453A-F138-4AB1-83CD-CA602E22E588}.Debug|iPhone.Build.0 = Debug|Any CPU
		{A9B2453A-F138-4AB1-83CD-CA602E22E588}.Release|iPhone.ActiveCfg = Release|Any CPU
		{A9B2453A-F138-4AB1-83CD-CA602E22E588}.Release|iPhone.Build.0 = Release|Any CPU
		{6E6994C5-C630-496B-B9AE-7A2E8D89B385}.Debug|Any CPU.ActiveCfg = Debug|Any CPU
		{6E6994C5-C630-496B-B9AE-7A2E8D89B385}.Debug|Any CPU.Build.0 = Debug|Any CPU
		{6E6994C5-C630-496B-B9AE-7A2E8D89B385}.Release|Any CPU.ActiveCfg = Release|Any CPU
		{6E6994C5-C630-496B-B9AE-7A2E8D89B385}.Release|Any CPU.Build.0 = Release|Any CPU
		{6E6994C5-C630-496B-B9AE-7A2E8D89B385}.Debug|iPhoneSimulator.ActiveCfg = Debug|Any CPU
		{6E6994C5-C630-496B-B9AE-7A2E8D89B385}.Debug|iPhoneSimulator.Build.0 = Debug|Any CPU
		{6E6994C5-C630-496B-B9AE-7A2E8D89B385}.Release|iPhoneSimulator.ActiveCfg = Release|Any CPU
		{6E6994C5-C630-496B-B9AE-7A2E8D89B385}.Release|iPhoneSimulator.Build.0 = Release|Any CPU
		{6E6994C5-C630-496B-B9AE-7A2E8D89B385}.Debug|iPhone.ActiveCfg = Debug|Any CPU
		{6E6994C5-C630-496B-B9AE-7A2E8D89B385}.Debug|iPhone.Build.0 = Debug|Any CPU
		{6E6994C5-C630-496B-B9AE-7A2E8D89B385}.Release|iPhone.ActiveCfg = Release|Any CPU
		{6E6994C5-C630-496B-B9AE-7A2E8D89B385}.Release|iPhone.Build.0 = Release|Any CPU
		{B13ACF37-8C7F-45E9-8955-FFF9291FD21F}.Debug|Any CPU.ActiveCfg = Debug|Any CPU
		{B13ACF37-8C7F-45E9-8955-FFF9291FD21F}.Debug|Any CPU.Build.0 = Debug|Any CPU
		{B13ACF37-8C7F-45E9-8955-FFF9291FD21F}.Release|Any CPU.ActiveCfg = Release|Any CPU
		{B13ACF37-8C7F-45E9-8955-FFF9291FD21F}.Release|Any CPU.Build.0 = Release|Any CPU
		{B13ACF37-8C7F-45E9-8955-FFF9291FD21F}.Debug|iPhoneSimulator.ActiveCfg = Debug|Any CPU
		{B13ACF37-8C7F-45E9-8955-FFF9291FD21F}.Debug|iPhoneSimulator.Build.0 = Debug|Any CPU
		{B13ACF37-8C7F-45E9-8955-FFF9291FD21F}.Release|iPhoneSimulator.ActiveCfg = Release|Any CPU
		{B13ACF37-8C7F-45E9-8955-FFF9291FD21F}.Release|iPhoneSimulator.Build.0 = Release|Any CPU
		{B13ACF37-8C7F-45E9-8955-FFF9291FD21F}.Debug|iPhone.ActiveCfg = Debug|Any CPU
		{B13ACF37-8C7F-45E9-8955-FFF9291FD21F}.Debug|iPhone.Build.0 = Debug|Any CPU
		{B13ACF37-8C7F-45E9-8955-FFF9291FD21F}.Release|iPhone.ActiveCfg = Release|Any CPU
		{B13ACF37-8C7F-45E9-8955-FFF9291FD21F}.Release|iPhone.Build.0 = Release|Any CPU
	EndGlobalSection
	GlobalSection(NestedProjects) = preSolution
		{E767C2EE-DF3E-436E-A010-AC75E05FF9AF} = {00D73611-9F2D-4422-947F-8EE17A3B9961}
		{4C26C775-92CC-4EE4-A57B-51093C5DF5BF} = {00D73611-9F2D-4422-947F-8EE17A3B9961}
		{A99C9838-F680-4388-838F-60DC72CDD257} = {00D73611-9F2D-4422-947F-8EE17A3B9961}
		{00D73611-9F2D-4422-947F-8EE17A3B9961} = {10663351-909C-4184-BA87-6DB4EA78BF6C}
	EndGlobalSection
EndGlobal
