
Microsoft Visual Studio Solution File, Format Version 12.00
# Visual Studio 15
Project("{2150E333-8FDC-42A3-9474-1A3956D46DE8}") = "Solution Items", "Solution Items", "{F94175FC-DE2B-4DBC-9C79-2A97B8489412}"
	ProjectSection(SolutionItems) = preProject
		README.md = README.md
	EndProjectSection
EndProject
Project("{FAE04EC0-301F-11D3-BF4B-00C04F79EFBC}") = "SupabaseExampleXA", "SupabaseExampleXA\SupabaseExampleXA.csproj", "{0F986F22-CF68-40E8-B193-45880B7C4D49}"
EndProject
Project("{FAE04EC0-301F-11D3-BF4B-00C04F79EFBC}") = "SupabaseExampleXA.Android", "SupabaseExampleXA.Android\SupabaseExampleXA.Android.csproj", "{4C26C775-92CC-4EE4-A57B-51093C5DF5BF}"
EndProject
Project("{FAE04EC0-301F-11D3-BF4B-00C04F79EFBC}") = "SupabaseExampleXA.iOS", "SupabaseExampleXA.iOS\SupabaseExampleXA.iOS.csproj", "{A99C9838-F680-4388-838F-60DC72CDD257}"
EndProject
Project("{FAE04EC0-301F-11D3-BF4B-00C04F79EFBC}") = "Supabase", "..\..\Supabase\Supabase.csproj", "{313E0FFC-E478-4365-99FA-70B8BBC92A5D}"
EndProject
Global
	GlobalSection(SolutionConfigurationPlatforms) = preSolution
		Debug|Any CPU = Debug|Any CPU
		Release|Any CPU = Release|Any CPU
		Debug|iPhoneSimulator = Debug|iPhoneSimulator
		Release|iPhoneSimulator = Release|iPhoneSimulator
		Debug|iPhone = Debug|iPhone
		Release|iPhone = Release|iPhone
	EndGlobalSection
	GlobalSection(MonoDevelopProperties) = preSolution
		version = 0.1.0-prerelease
	EndGlobalSection
	GlobalSection(ProjectConfigurationPlatforms) = postSolution
		{0F986F22-CF68-40E8-B193-45880B7C4D49}.Debug|Any CPU.ActiveCfg = Debug|Any CPU
		{0F986F22-CF68-40E8-B193-45880B7C4D49}.Debug|Any CPU.Build.0 = Debug|Any CPU
		{0F986F22-CF68-40E8-B193-45880B7C4D49}.Release|Any CPU.ActiveCfg = Release|Any CPU
		{0F986F22-CF68-40E8-B193-45880B7C4D49}.Release|Any CPU.Build.0 = Release|Any CPU
		{0F986F22-CF68-40E8-B193-45880B7C4D49}.Debug|iPhoneSimulator.ActiveCfg = Debug|Any CPU
		{0F986F22-CF68-40E8-B193-45880B7C4D49}.Debug|iPhoneSimulator.Build.0 = Debug|Any CPU
		{0F986F22-CF68-40E8-B193-45880B7C4D49}.Release|iPhoneSimulator.ActiveCfg = Release|Any CPU
		{0F986F22-CF68-40E8-B193-45880B7C4D49}.Release|iPhoneSimulator.Build.0 = Release|Any CPU
		{0F986F22-CF68-40E8-B193-45880B7C4D49}.Debug|iPhone.ActiveCfg = Debug|Any CPU
		{0F986F22-CF68-40E8-B193-45880B7C4D49}.Debug|iPhone.Build.0 = Debug|Any CPU
		{0F986F22-CF68-40E8-B193-45880B7C4D49}.Release|iPhone.ActiveCfg = Release|Any CPU
		{0F986F22-CF68-40E8-B193-45880B7C4D49}.Release|iPhone.Build.0 = Release|Any CPU
		{4C26C775-92CC-4EE4-A57B-51093C5DF5BF}.Debug|Any CPU.ActiveCfg = Debug|Any CPU
		{4C26C775-92CC-4EE4-A57B-51093C5DF5BF}.Debug|Any CPU.Build.0 = Debug|Any CPU
		{4C26C775-92CC-4EE4-A57B-51093C5DF5BF}.Release|Any CPU.ActiveCfg = Release|Any CPU
		{4C26C775-92CC-4EE4-A57B-51093C5DF5BF}.Release|Any CPU.Build.0 = Release|Any CPU
		{4C26C775-92CC-4EE4-A57B-51093C5DF5BF}.Debug|iPhoneSimulator.ActiveCfg = Debug|Any CPU
		{4C26C775-92CC-4EE4-A57B-51093C5DF5BF}.Debug|iPhoneSimulator.Build.0 = Debug|Any CPU
		{4C26C775-92CC-4EE4-A57B-51093C5DF5BF}.Release|iPhoneSimulator.ActiveCfg = Release|Any CPU
		{4C26C775-92CC-4EE4-A57B-51093C5DF5BF}.Release|iPhoneSimulator.Build.0 = Release|Any CPU
		{4C26C775-92CC-4EE4-A57B-51093C5DF5BF}.Debug|iPhone.ActiveCfg = Debug|Any CPU
		{4C26C775-92CC-4EE4-A57B-51093C5DF5BF}.Debug|iPhone.Build.0 = Debug|Any CPU
		{4C26C775-92CC-4EE4-A57B-51093C5DF5BF}.Release|iPhone.ActiveCfg = Release|Any CPU
		{4C26C775-92CC-4EE4-A57B-51093C5DF5BF}.Release|iPhone.Build.0 = Release|Any CPU
		{A99C9838-F680-4388-838F-60DC72CDD257}.Debug|Any CPU.ActiveCfg = Debug|iPhoneSimulator
		{A99C9838-F680-4388-838F-60DC72CDD257}.Debug|Any CPU.Build.0 = Debug|iPhoneSimulator
		{A99C9838-F680-4388-838F-60DC72CDD257}.Release|Any CPU.ActiveCfg = Release|iPhoneSimulator
		{A99C9838-F680-4388-838F-60DC72CDD257}.Release|Any CPU.Build.0 = Release|iPhoneSimulator
		{A99C9838-F680-4388-838F-60DC72CDD257}.Debug|iPhoneSimulator.ActiveCfg = Debug|iPhoneSimulator
		{A99C9838-F680-4388-838F-60DC72CDD257}.Debug|iPhoneSimulator.Build.0 = Debug|iPhoneSimulator
		{A99C9838-F680-4388-838F-60DC72CDD257}.Release|iPhoneSimulator.ActiveCfg = Release|iPhoneSimulator
		{A99C9838-F680-4388-838F-60DC72CDD257}.Release|iPhoneSimulator.Build.0 = Release|iPhoneSimulator
		{A99C9838-F680-4388-838F-60DC72CDD257}.Debug|iPhone.ActiveCfg = Debug|iPhone
		{A99C9838-F680-4388-838F-60DC72CDD257}.Debug|iPhone.Build.0 = Debug|iPhone
		{A99C9838-F680-4388-838F-60DC72CDD257}.Release|iPhone.ActiveCfg = Release|iPhone
		{A99C9838-F680-4388-838F-60DC72CDD257}.Release|iPhone.Build.0 = Release|iPhone
		{313E0FFC-E478-4365-99FA-70B8BBC92A5D}.Debug|Any CPU.ActiveCfg = Debug|Any CPU
		{313E0FFC-E478-4365-99FA-70B8BBC92A5D}.Debug|Any CPU.Build.0 = Debug|Any CPU
		{313E0FFC-E478-4365-99FA-70B8BBC92A5D}.Release|Any CPU.ActiveCfg = Release|Any CPU
		{313E0FFC-E478-4365-99FA-70B8BBC92A5D}.Release|Any CPU.Build.0 = Release|Any CPU
		{313E0FFC-E478-4365-99FA-70B8BBC92A5D}.Debug|iPhoneSimulator.ActiveCfg = Debug|Any CPU
		{313E0FFC-E478-4365-99FA-70B8BBC92A5D}.Debug|iPhoneSimulator.Build.0 = Debug|Any CPU
		{313E0FFC-E478-4365-99FA-70B8BBC92A5D}.Release|iPhoneSimulator.ActiveCfg = Release|Any CPU
		{313E0FFC-E478-4365-99FA-70B8BBC92A5D}.Release|iPhoneSimulator.Build.0 = Release|Any CPU
		{313E0FFC-E478-4365-99FA-70B8BBC92A5D}.Debug|iPhone.ActiveCfg = Debug|Any CPU
		{313E0FFC-E478-4365-99FA-70B8BBC92A5D}.Debug|iPhone.Build.0 = Debug|Any CPU
		{313E0FFC-E478-4365-99FA-70B8BBC92A5D}.Release|iPhone.ActiveCfg = Release|Any CPU
		{313E0FFC-E478-4365-99FA-70B8BBC92A5D}.Release|iPhone.Build.0 = Release|Any CPU
	EndGlobalSection
EndGlobal
